PODS:
  - Alamofire (5.9.1)
  - AlamofireImage (4.3.0):
    - Alamofire (~> 5.8)
  - Cosmos (25.0.1)
  - ObjectMapper (3.5.3)

DEPENDENCIES:
  - Alamofire (~> 5.9.1)
  - AlamofireImage (~> 4.3)
  - Cosmos (~> 25.0)
  - ObjectMapper (~> 3.5)

SPEC REPOS:
  trunk:
    - Alamofire
    - AlamofireImage
    - Cosmos
    - ObjectMapper

SPEC CHECKSUMS:
  Alamofire: f36a35757af4587d8e4f4bfa223ad10be2422b8c
  AlamofireImage: 843953fa97bee5f561cf05d83abd759e590b068d
  Cosmos: 02db0a1c953107049bfd2d7af19ceef55ecb7e98
  ObjectMapper: 97111c97e054a6ee25917662106689f0b4127b37

PODFILE CHECKSUM: f7dfaf6936b2c8d177022585a59b046db957b7f1

COCOAPODS: 1.15.2
